// !$*UTF8*$!
{
	archiveVersion = 1;
	classes = {
	};
	objectVersion = 46;
	objects = {

/* Begin PBXBuildFile section */
		0DBB95401C14D4120061191B /* AppDelegate.swift in Sources */ = {isa = PBXBuildFile; fileRef = 0DBB953F1C14D4120061191B /* AppDelegate.swift */; };
		0DBB95421C14D4120061191B /* ViewController.swift in Sources */ = {isa = PBXBuildFile; fileRef = 0DBB95411C14D4120061191B /* ViewController.swift */; };
		0DBB95451C14D4120061191B /* Main.storyboard in Resources */ = {isa = PBXBuildFile; fileRef = 0DBB95431C14D4120061191B /* Main.storyboard */; };
		0DBB95471C14D4120061191B /* Images.xcassets in Resources */ = {isa = PBXBuildFile; fileRef = 0DBB95461C14D4120061191B /* Images.xcassets */; };
		0DBB954A1C14D4120061191B /* LaunchScreen.xib in Resources */ = {isa = PBXBuildFile; fileRef = 0DBB95481C14D4120061191B /* LaunchScreen.xib */; };
		0DBB95561C14D4120061191B /* TartanVirtualTourTests.swift in Sources */ = {isa = PBXBuildFile; fileRef = 0DBB95551C14D4120061191B /* TartanVirtualTourTests.swift */; };
		0DBB95601C14D4F00061191B /* tartanbgd.jpg in Resources */ = {isa = PBXBuildFile; fileRef = 0DBB955F1C14D4F00061191B /* tartanbgd.jpg */; };
		0DBB95661C14DB6C0061191B /* TartanMapViewController.swift in Sources */ = {isa = PBXBuildFile; fileRef = 0DBB95651C14DB6C0061191B /* TartanMapViewController.swift */; };
		0DBB95681C1503AA0061191B /* Location.swift in Sources */ = {isa = PBXBuildFile; fileRef = 0DBB95671C1503AA0061191B /* Location.swift */; };
		0DBB956A1C1504240061191B /* DataManager.swift in Sources */ = {isa = PBXBuildFile; fileRef = 0DBB95691C1504240061191B /* DataManager.swift */; };
		0DD3F6C41C167173004A6950 /* TourStopInfoViewController.swift in Sources */ = {isa = PBXBuildFile; fileRef = 0DD3F6C31C167173004A6950 /* TourStopInfoViewController.swift */; };
		0DD3F6C81C16B43B004A6950 /* MapVCExtension.swift in Sources */ = {isa = PBXBuildFile; fileRef = 0DD3F6C71C16B43B004A6950 /* MapVCExtension.swift */; };
		0DE1AF461C151CFC00EF9AAA /* TourStops.swift in Sources */ = {isa = PBXBuildFile; fileRef = 0DE1AF451C151CFC00EF9AAA /* TourStops.swift */; };
		0DE1AF4A1C1520AD00EF9AAA /* TourStop.swift in Sources */ = {isa = PBXBuildFile; fileRef = 0DE1AF491C1520AD00EF9AAA /* TourStop.swift */; };
		0DFE09A81C193AA900E41C31 /* CMUemblem.png in Resources */ = {isa = PBXBuildFile; fileRef = 0DFE09A71C193AA900E41C31 /* CMUemblem.png */; };
/* End PBXBuildFile section */

/* Begin PBXContainerItemProxy section */
		0DBB95501C14D4120061191B /* PBXContainerItemProxy */ = {
			isa = PBXContainerItemProxy;
			containerPortal = 0DBB95321C14D4120061191B /* Project object */;
			proxyType = 1;
			remoteGlobalIDString = 0DBB95391C14D4120061191B;
			remoteInfo = TartanVirtualTour;
		};
/* End PBXContainerItemProxy section */

/* Begin PBXFileReference section */
		0DBB953A1C14D4120061191B /* TartanVirtualTour.app */ = {isa = PBXFileReference; explicitFileType = wrapper.application; includeInIndex = 0; path = TartanVirtualTour.app; sourceTree = BUILT_PRODUCTS_DIR; };
		0DBB953E1C14D4120061191B /* Info.plist */ = {isa = PBXFileReference; lastKnownFileType = text.plist.xml; path = Info.plist; sourceTree = "<group>"; };
		0DBB953F1C14D4120061191B /* AppDelegate.swift */ = {isa = PBXFileReference; lastKnownFileType = sourcecode.swift; path = AppDelegate.swift; sourceTree = "<group>"; };
		0DBB95411C14D4120061191B /* ViewController.swift */ = {isa = PBXFileReference; lastKnownFileType = sourcecode.swift; path = ViewController.swift; sourceTree = "<group>"; };
		0DBB95441C14D4120061191B /* Base */ = {isa = PBXFileReference; lastKnownFileType = file.storyboard; name = Base; path = Base.lproj/Main.storyboard; sourceTree = "<group>"; };
		0DBB95461C14D4120061191B /* Images.xcassets */ = {isa = PBXFileReference; lastKnownFileType = folder.assetcatalog; path = Images.xcassets; sourceTree = "<group>"; };
		0DBB95491C14D4120061191B /* Base */ = {isa = PBXFileReference; lastKnownFileType = file.xib; name = Base; path = Base.lproj/LaunchScreen.xib; sourceTree = "<group>"; };
		0DBB954F1C14D4120061191B /* TartanVirtualTourTests.xctest */ = {isa = PBXFileReference; explicitFileType = wrapper.cfbundle; includeInIndex = 0; path = TartanVirtualTourTests.xctest; sourceTree = BUILT_PRODUCTS_DIR; };
		0DBB95541C14D4120061191B /* Info.plist */ = {isa = PBXFileReference; lastKnownFileType = text.plist.xml; path = Info.plist; sourceTree = "<group>"; };
		0DBB95551C14D4120061191B /* TartanVirtualTourTests.swift */ = {isa = PBXFileReference; lastKnownFileType = sourcecode.swift; path = TartanVirtualTourTests.swift; sourceTree = "<group>"; };
		0DBB955F1C14D4F00061191B /* tartanbgd.jpg */ = {isa = PBXFileReference; lastKnownFileType = image.jpeg; path = tartanbgd.jpg; sourceTree = "<group>"; };
		0DBB95651C14DB6C0061191B /* TartanMapViewController.swift */ = {isa = PBXFileReference; fileEncoding = 4; lastKnownFileType = sourcecode.swift; name = TartanMapViewController.swift; path = ../TartanMapViewController.swift; sourceTree = "<group>"; };
		0DBB95671C1503AA0061191B /* Location.swift */ = {isa = PBXFileReference; fileEncoding = 4; lastKnownFileType = sourcecode.swift; path = Location.swift; sourceTree = "<group>"; };
		0DBB95691C1504240061191B /* DataManager.swift */ = {isa = PBXFileReference; fileEncoding = 4; lastKnownFileType = sourcecode.swift; path = DataManager.swift; sourceTree = "<group>"; };
		0DD3F6C31C167173004A6950 /* TourStopInfoViewController.swift */ = {isa = PBXFileReference; fileEncoding = 4; lastKnownFileType = sourcecode.swift; path = TourStopInfoViewController.swift; sourceTree = "<group>"; };
		0DD3F6C71C16B43B004A6950 /* MapVCExtension.swift */ = {isa = PBXFileReference; fileEncoding = 4; lastKnownFileType = sourcecode.swift; path = MapVCExtension.swift; sourceTree = "<group>"; };
		0DE1AF451C151CFC00EF9AAA /* TourStops.swift */ = {isa = PBXFileReference; fileEncoding = 4; lastKnownFileType = sourcecode.swift; path = TourStops.swift; sourceTree = "<group>"; };
		0DE1AF491C1520AD00EF9AAA /* TourStop.swift */ = {isa = PBXFileReference; fileEncoding = 4; lastKnownFileType = sourcecode.swift; name = TourStop.swift; path = ../TourStop.swift; sourceTree = "<group>"; };
		0DFE09A71C193AA900E41C31 /* CMUemblem.png */ = {isa = PBXFileReference; lastKnownFileType = image.png; path = CMUemblem.png; sourceTree = "<group>"; };
/* End PBXFileReference section */

/* Begin PBXFrameworksBuildPhase section */
		0DBB95371C14D4120061191B /* Frameworks */ = {
			isa = PBXFrameworksBuildPhase;
			buildActionMask = 2147483647;
			files = (
			);
			runOnlyForDeploymentPostprocessing = 0;
		};
		0DBB954C1C14D4120061191B /* Frameworks */ = {
			isa = PBXFrameworksBuildPhase;
			buildActionMask = 2147483647;
			files = (
			);
			runOnlyForDeploymentPostprocessing = 0;
		};
/* End PBXFrameworksBuildPhase section */

/* Begin PBXGroup section */
		0DBB95311C14D4120061191B = {
			isa = PBXGroup;
			children = (
				0DBB953C1C14D4120061191B /* TartanVirtualTour */,
				0DBB95521C14D4120061191B /* TartanVirtualTourTests */,
				0DBB953B1C14D4120061191B /* Products */,
			);
			sourceTree = "<group>";
		};
		0DBB953B1C14D4120061191B /* Products */ = {
			isa = PBXGroup;
			children = (
				0DBB953A1C14D4120061191B /* TartanVirtualTour.app */,
				0DBB954F1C14D4120061191B /* TartanVirtualTourTests.xctest */,
			);
			name = Products;
			sourceTree = "<group>";
		};
		0DBB953C1C14D4120061191B /* TartanVirtualTour */ = {
			isa = PBXGroup;
			children = (
				0DBB953F1C14D4120061191B /* AppDelegate.swift */,
				0DBB95411C14D4120061191B /* ViewController.swift */,
				0DBB95651C14DB6C0061191B /* TartanMapViewController.swift */,
				0DD3F6C71C16B43B004A6950 /* MapVCExtension.swift */,
				0DD3F6C31C167173004A6950 /* TourStopInfoViewController.swift */,
				0DE1AF451C151CFC00EF9AAA /* TourStops.swift */,
				0DE1AF491C1520AD00EF9AAA /* TourStop.swift */,
				0DBB95691C1504240061191B /* DataManager.swift */,
				0DBB95671C1503AA0061191B /* Location.swift */,
				0DBB95431C14D4120061191B /* Main.storyboard */,
				0DBB95461C14D4120061191B /* Images.xcassets */,
				0DBB955F1C14D4F00061191B /* tartanbgd.jpg */,
				0DFE09A71C193AA900E41C31 /* CMUemblem.png */,
				0DBB95481C14D4120061191B /* LaunchScreen.xib */,
				0DBB953D1C14D4120061191B /* Supporting Files */,
			);
			path = TartanVirtualTour;
			sourceTree = "<group>";
		};
		0DBB953D1C14D4120061191B /* Supporting Files */ = {
			isa = PBXGroup;
			children = (
				0DBB953E1C14D4120061191B /* Info.plist */,
			);
			name = "Supporting Files";
			sourceTree = "<group>";
		};
		0DBB95521C14D4120061191B /* TartanVirtualTourTests */ = {
			isa = PBXGroup;
			children = (
				0DBB95551C14D4120061191B /* TartanVirtualTourTests.swift */,
				0DBB95531C14D4120061191B /* Supporting Files */,
			);
			path = TartanVirtualTourTests;
			sourceTree = "<group>";
		};
		0DBB95531C14D4120061191B /* Supporting Files */ = {
			isa = PBXGroup;
			children = (
				0DBB95541C14D4120061191B /* Info.plist */,
			);
			name = "Supporting Files";
			sourceTree = "<group>";
		};
/* End PBXGroup section */

/* Begin PBXNativeTarget section */
		0DBB95391C14D4120061191B /* TartanVirtualTour */ = {
			isa = PBXNativeTarget;
			buildConfigurationList = 0DBB95591C14D4120061191B /* Build configuration list for PBXNativeTarget "TartanVirtualTour" */;
			buildPhases = (
				0DBB95361C14D4120061191B /* Sources */,
				0DBB95371C14D4120061191B /* Frameworks */,
				0DBB95381C14D4120061191B /* Resources */,
			);
			buildRules = (
			);
			dependencies = (
			);
			name = TartanVirtualTour;
			productName = TartanVirtualTour;
			productReference = 0DBB953A1C14D4120061191B /* TartanVirtualTour.app */;
			productType = "com.apple.product-type.application";
		};
		0DBB954E1C14D4120061191B /* TartanVirtualTourTests */ = {
			isa = PBXNativeTarget;
			buildConfigurationList = 0DBB955C1C14D4120061191B /* Build configuration list for PBXNativeTarget "TartanVirtualTourTests" */;
			buildPhases = (
				0DBB954B1C14D4120061191B /* Sources */,
				0DBB954C1C14D4120061191B /* Frameworks */,
				0DBB954D1C14D4120061191B /* Resources */,
			);
			buildRules = (
			);
			dependencies = (
				0DBB95511C14D4120061191B /* PBXTargetDependency */,
			);
			name = TartanVirtualTourTests;
			productName = TartanVirtualTourTests;
			productReference = 0DBB954F1C14D4120061191B /* TartanVirtualTourTests.xctest */;
			productType = "com.apple.product-type.bundle.unit-test";
		};
/* End PBXNativeTarget section */

/* Begin PBXProject section */
		0DBB95321C14D4120061191B /* Project object */ = {
			isa = PBXProject;
			attributes = {
				LastUpgradeCheck = 0640;
				ORGANIZATIONNAME = "Jibby Ani";
				TargetAttributes = {
					0DBB95391C14D4120061191B = {
						CreatedOnToolsVersion = 6.4;
					};
					0DBB954E1C14D4120061191B = {
						CreatedOnToolsVersion = 6.4;
						TestTargetID = 0DBB95391C14D4120061191B;
					};
				};
			};
			buildConfigurationList = 0DBB95351C14D4120061191B /* Build configuration list for PBXProject "TartanVirtualTour" */;
			compatibilityVersion = "Xcode 3.2";
			developmentRegion = English;
			hasScannedForEncodings = 0;
			knownRegions = (
				en,
				Base,
			);
			mainGroup = 0DBB95311C14D4120061191B;
			productRefGroup = 0DBB953B1C14D4120061191B /* Products */;
			projectDirPath = "";
			projectRoot = "";
			targets = (
				0DBB95391C14D4120061191B /* TartanVirtualTour */,
				0DBB954E1C14D4120061191B /* TartanVirtualTourTests */,
			);
		};
/* End PBXProject section */

/* Begin PBXResourcesBuildPhase section */
		0DBB95381C14D4120061191B /* Resources */ = {
			isa = PBXResourcesBuildPhase;
			buildActionMask = 2147483647;
			files = (
				0DBB95451C14D4120061191B /* Main.storyboard in Resources */,
				0DFE09A81C193AA900E41C31 /* CMUemblem.png in Resources */,
				0DBB954A1C14D4120061191B /* LaunchScreen.xib in Resources */,
				0DBB95471C14D4120061191B /* Images.xcassets in Resources */,
				0DBB95601C14D4F00061191B /* tartanbgd.jpg in Resources */,
			);
			runOnlyForDeploymentPostprocessing = 0;
		};
		0DBB954D1C14D4120061191B /* Resources */ = {
			isa = PBXResourcesBuildPhase;
			buildActionMask = 2147483647;
			files = (
			);
			runOnlyForDeploymentPostprocessing = 0;
		};
/* End PBXResourcesBuildPhase section */

/* Begin PBXSourcesBuildPhase section */
		0DBB95361C14D4120061191B /* Sources */ = {
			isa = PBXSourcesBuildPhase;
			buildActionMask = 2147483647;
			files = (
				0DBB95661C14DB6C0061191B /* TartanMapViewController.swift in Sources */,
				0DBB956A1C1504240061191B /* DataManager.swift in Sources */,
				0DE1AF4A1C1520AD00EF9AAA /* TourStop.swift in Sources */,
				0DBB95421C14D4120061191B /* ViewController.swift in Sources */,
				0DD3F6C41C167173004A6950 /* TourStopInfoViewController.swift in Sources */,
				0DE1AF461C151CFC00EF9AAA /* TourStops.swift in Sources */,
				0DD3F6C81C16B43B004A6950 /* MapVCExtension.swift in Sources */,
				0DBB95681C1503AA0061191B /* Location.swift in Sources */,
				0DBB95401C14D4120061191B /* AppDelegate.swift in Sources */,
			);
			runOnlyForDeploymentPostprocessing = 0;
		};
		0DBB954B1C14D4120061191B /* Sources */ = {
			isa = PBXSourcesBuildPhase;
			buildActionMask = 2147483647;
			files = (
				0DBB95561C14D4120061191B /* TartanVirtualTourTests.swift in Sources */,
			);
			runOnlyForDeploymentPostprocessing = 0;
		};
/* End PBXSourcesBuildPhase section */

/* Begin PBXTargetDependency section */
		0DBB95511C14D4120061191B /* PBXTargetDependency */ = {
			isa = PBXTargetDependency;
			target = 0DBB95391C14D4120061191B /* TartanVirtualTour */;
			targetProxy = 0DBB95501C14D4120061191B /* PBXContainerItemProxy */;
		};
/* End PBXTargetDependency section */

/* Begin PBXVariantGroup section */
		0DBB95431C14D4120061191B /* Main.storyboard */ = {
			isa = PBXVariantGroup;
			children = (
				0DBB95441C14D4120061191B /* Base */,
			);
			name = Main.storyboard;
			sourceTree = "<group>";
		};
		0DBB95481C14D4120061191B /* LaunchScreen.xib */ = {
			isa = PBXVariantGroup;
			children = (
				0DBB95491C14D4120061191B /* Base */,
			);
			name = LaunchScreen.xib;
			sourceTree = "<group>";
		};
/* End PBXVariantGroup section */

/* Begin XCBuildConfiguration section */
		0DBB95571C14D4120061191B /* Debug */ = {
			isa = XCBuildConfiguration;
			buildSettings = {
				ALWAYS_SEARCH_USER_PATHS = NO;
				CLANG_CXX_LANGUAGE_STANDARD = "gnu++0x";
				CLANG_CXX_LIBRARY = "libc++";
				CLANG_ENABLE_MODULES = YES;
				CLANG_ENABLE_OBJC_ARC = YES;
				CLANG_WARN_BOOL_CONVERSION = YES;
				CLANG_WARN_CONSTANT_CONVERSION = YES;
				CLANG_WARN_DIRECT_OBJC_ISA_USAGE = YES_ERROR;
				CLANG_WARN_EMPTY_BODY = YES;
				CLANG_WARN_ENUM_CONVERSION = YES;
				CLANG_WARN_INT_CONVERSION = YES;
				CLANG_WARN_OBJC_ROOT_CLASS = YES_ERROR;
				CLANG_WARN_UNREACHABLE_CODE = YES;
				CLANG_WARN__DUPLICATE_METHOD_MATCH = YES;
				"CODE_SIGN_IDENTITY[sdk=iphoneos*]" = "iPhone Developer";
				COPY_PHASE_STRIP = NO;
				DEBUG_INFORMATION_FORMAT = "dwarf-with-dsym";
				ENABLE_STRICT_OBJC_MSGSEND = YES;
				GCC_C_LANGUAGE_STANDARD = gnu99;
				GCC_DYNAMIC_NO_PIC = NO;
				GCC_NO_COMMON_BLOCKS = YES;
				GCC_OPTIMIZATION_LEVEL = 0;
				GCC_PREPROCESSOR_DEFINITIONS = (
					"DEBUG=1",
					"$(inherited)",
				);
				GCC_SYMBOLS_PRIVATE_EXTERN = NO;
				GCC_WARN_64_TO_32_BIT_CONVERSION = YES;
				GCC_WARN_ABOUT_RETURN_TYPE = YES_ERROR;
				GCC_WARN_UNDECLARED_SELECTOR = YES;
				GCC_WARN_UNINITIALIZED_AUTOS = YES_AGGRESSIVE;
				GCC_WARN_UNUSED_FUNCTION = YES;
				GCC_WARN_UNUSED_VARIABLE = YES;
				IPHONEOS_DEPLOYMENT_TARGET = 8.4;
				MTL_ENABLE_DEBUG_INFO = YES;
				ONLY_ACTIVE_ARCH = YES;
				SDKROOT = iphoneos;
				SWIFT_OPTIMIZATION_LEVEL = "-Onone";
				TARGETED_DEVICE_FAMILY = "1,2";
			};
			name = Debug;
		};
		0DBB95581C14D4120061191B /* Release */ = {
			isa = XCBuildConfiguration;
			buildSettings = {
				ALWAYS_SEARCH_USER_PATHS = NO;
				CLANG_CXX_LANGUAGE_STANDARD = "gnu++0x";
				CLANG_CXX_LIBRARY = "libc++";
				CLANG_ENABLE_MODULES = YES;
				CLANG_ENABLE_OBJC_ARC = YES;
				CLANG_WARN_BOOL_CONVERSION = YES;
				CLANG_WARN_CONSTANT_CONVERSION = YES;
				CLANG_WARN_DIRECT_OBJC_ISA_USAGE = YES_ERROR;
				CLANG_WARN_EMPTY_BODY = YES;
				CLANG_WARN_ENUM_CONVERSION = YES;
				CLANG_WARN_INT_CONVERSION = YES;
				CLANG_WARN_OBJC_ROOT_CLASS = YES_ERROR;
				CLANG_WARN_UNREACHABLE_CODE = YES;
				CLANG_WARN__DUPLICATE_METHOD_MATCH = YES;
				"CODE_SIGN_IDENTITY[sdk=iphoneos*]" = "iPhone Developer";
				COPY_PHASE_STRIP = NO;
				DEBUG_INFORMATION_FORMAT = "dwarf-with-dsym";
				ENABLE_NS_ASSERTIONS = NO;
				ENABLE_STRICT_OBJC_MSGSEND = YES;
				GCC_C_LANGUAGE_STANDARD = gnu99;
				GCC_NO_COMMON_BLOCKS = YES;
				GCC_WARN_64_TO_32_BIT_CONVERSION = YES;
				GCC_WARN_ABOUT_RETURN_TYPE = YES_ERROR;
				GCC_WARN_UNDECLARED_SELECTOR = YES;
				GCC_WARN_UNINITIALIZED_AUTOS = YES_AGGRESSIVE;
				GCC_WARN_UNUSED_FUNCTION = YES;
				GCC_WARN_UNUSED_VARIABLE = YES;
				IPHONEOS_DEPLOYMENT_TARGET = 8.4;
				MTL_ENABLE_DEBUG_INFO = NO;
				SDKROOT = iphoneos;
				TARGETED_DEVICE_FAMILY = "1,2";
				VALIDATE_PRODUCT = YES;
			};
			name = Release;
		};
		0DBB955A1C14D4120061191B /* Debug */ = {
			isa = XCBuildConfiguration;
			buildSettings = {
				ASSETCATALOG_COMPILER_APPICON_NAME = AppIcon;
				INFOPLIST_FILE = TartanVirtualTour/Info.plist;
				LD_RUNPATH_SEARCH_PATHS = "$(inherited) @executable_path/Frameworks";
				PRODUCT_NAME = "$(TARGET_NAME)";
			};
			name = Debug;
		};
		0DBB955B1C14D4120061191B /* Release */ = {
			isa = XCBuildConfiguration;
			buildSettings = {
				ASSETCATALOG_COMPILER_APPICON_NAME = AppIcon;
				INFOPLIST_FILE = TartanVirtualTour/Info.plist;
				LD_RUNPATH_SEARCH_PATHS = "$(inherited) @executable_path/Frameworks";
				PRODUCT_NAME = "$(TARGET_NAME)";
			};
			name = Release;
		};
		0DBB955D1C14D4120061191B /* Debug */ = {
			isa = XCBuildConfiguration;
			buildSettings = {
				BUNDLE_LOADER = "$(TEST_HOST)";
				FRAMEWORK_SEARCH_PATHS = (
					"$(SDKROOT)/Developer/Library/Frameworks",
					"$(inherited)",
				);
				GCC_PREPROCESSOR_DEFINITIONS = (
					"DEBUG=1",
					"$(inherited)",
				);
				INFOPLIST_FILE = TartanVirtualTourTests/Info.plist;
				LD_RUNPATH_SEARCH_PATHS = "$(inherited) @executable_path/Frameworks @loader_path/Frameworks";
				PRODUCT_NAME = "$(TARGET_NAME)";
				TEST_HOST = "$(BUILT_PRODUCTS_DIR)/TartanVirtualTour.app/TartanVirtualTour";
			};
			name = Debug;
		};
		0DBB955E1C14D4120061191B /* Release */ = {
			isa = XCBuildConfiguration;
			buildSettings = {
				BUNDLE_LOADER = "$(TEST_HOST)";
				FRAMEWORK_SEARCH_PATHS = (
					"$(SDKROOT)/Developer/Library/Frameworks",
					"$(inherited)",
				);
				INFOPLIST_FILE = TartanVirtualTourTests/Info.plist;
				LD_RUNPATH_SEARCH_PATHS = "$(inherited) @executable_path/Frameworks @loader_path/Frameworks";
				PRODUCT_NAME = "$(TARGET_NAME)";
				TEST_HOST = "$(BUILT_PRODUCTS_DIR)/TartanVirtualTour.app/TartanVirtualTour";
			};
			name = Release;
		};
/* End XCBuildConfiguration section */

/* Begin XCConfigurationList section */
		0DBB95351C14D4120061191B /* Build configuration list for PBXProject "TartanVirtualTour" */ = {
			isa = XCConfigurationList;
			buildConfigurations = (
				0DBB95571C14D4120061191B /* Debug */,
				0DBB95581C14D4120061191B /* Release */,
			);
			defaultConfigurationIsVisible = 0;
			defaultConfigurationName = Release;
		};
		0DBB95591C14D4120061191B /* Build configuration list for PBXNativeTarget "TartanVirtualTour" */ = {
			isa = XCConfigurationList;
			buildConfigurations = (
				0DBB955A1C14D4120061191B /* Debug */,
				0DBB955B1C14D4120061191B /* Release */,
			);
			defaultConfigurationIsVisible = 0;
			defaultConfigurationName = Release;
		};
		0DBB955C1C14D4120061191B /* Build configuration list for PBXNativeTarget "TartanVirtualTourTests" */ = {
			isa = XCConfigurationList;
			buildConfigurations = (
				0DBB955D1C14D4120061191B /* Debug */,
				0DBB955E1C14D4120061191B /* Release */,
			);
			defaultConfigurationIsVisible = 0;
			defaultConfigurationName = Release;
		};
/* End XCConfigurationList section */
	};
	rootObject = 0DBB95321C14D4120061191B /* Project object */;
}
